lockfileVersion: 5.4

specifiers:
  '@types/node': ^18.7.16
  '@vitejs/plugin-vue': ^3.1.0
  '@vue/tsconfig': ^0.1.3
  lyla: ^0.6.8
  naive-ui: ^2.33.2
  typescript: ~4.8.3
  unplugin-auto-import: ^0.11.2
  unplugin-vue-components: ^0.22.6
  vfonts: ^0.0.3
  vite: ^3.1.0
  vue: ^3.2.39
  vue-tsc: ^0.40.13

dependencies:
  lyla: 0.6.8
  vue: 3.2.39

devDependencies:
  '@types/node': 18.7.16
  '@vitejs/plugin-vue': 3.1.0_vite@3.1.0+vue@3.2.39
  '@vue/tsconfig': 0.1.3_@types+node@18.7.16
  naive-ui: 2.33.2_vue@3.2.39
  typescript: 4.8.3
  unplugin-auto-import: 0.11.2_vite@3.1.0
  unplugin-vue-components: 0.22.6_vite@3.1.0+vue@3.2.39
  vfonts: 0.0.3
  vite: 3.1.0
  vue-tsc: 0.40.13_typescript@4.8.3

packages:

  /@antfu/utils/0.5.2:
    resolution: {integrity: sha512-CQkeV+oJxUazwjlHD0/3ZD08QWKuGQkhnrKo3e6ly5pd48VUpXbb77q0xMU4+vc2CkJnDS02Eq/M9ugyX20XZA==}
    dev: true

  /@babel/helper-string-parser/7.18.10:
    resolution: {integrity: sha512-XtIfWmeNY3i4t7t4D2t02q50HvqHybPqW2ki1kosnvWCwuCMeo81Jf0gwr85jy/neUdg5XDdeFE/80DXiO+njw==}
    engines: {node: '>=6.9.0'}

  /@babel/helper-validator-identifier/7.18.6:
    resolution: {integrity: sha512-MmetCkz9ej86nJQV+sFCxoGGrUbU3q02kgLciwkrt9QqEB7cP39oKEY0PakknEO0Gu20SskMRi+AYZ3b1TpN9g==}
    engines: {node: '>=6.9.0'}

  /@babel/parser/7.19.0:
    resolution: {integrity: sha512-74bEXKX2h+8rrfQUfsBfuZZHzsEs6Eql4pqy/T4Nn6Y9wNPggQOqD6z6pn5Bl8ZfysKouFZT/UXEH94ummEeQw==}
    engines: {node: '>=6.0.0'}
    hasBin: true
    dependencies:
      '@babel/types': 7.19.0

  /@babel/types/7.19.0:
    resolution: {integrity: sha512-YuGopBq3ke25BVSiS6fgF49Ul9gH1x70Bcr6bqRLjWCkcX8Hre1/5+z+IiWOIerRMSSEfGZVB9z9kyq7wVs9YA==}
    engines: {node: '>=6.9.0'}
    dependencies:
      '@babel/helper-string-parser': 7.18.10
      '@babel/helper-validator-identifier': 7.18.6
      to-fast-properties: 2.0.0

  /@css-render/plugin-bem/0.15.11_css-render@0.15.11:
    resolution: {integrity: sha512-Bn8qadYPIz5DhZ4obTGHOJzeziQH6kY0+Fk5AEvwuuy378SLwwvXuuoechLjBHcgKkPCM03Oo4dDSGP/6NMdyw==}
    peerDependencies:
      css-render: ~0.15.11
    dependencies:
      css-render: 0.15.11
    dev: true

  /@css-render/vue3-ssr/0.15.11_vue@3.2.39:
    resolution: {integrity: sha512-n+SuqLPbY30FUTM8slX75OaEG+c8XlTOFrAklekX2XQGvBbz9XdBE6hTEgGlV5kPcTMqTJeCG7Vzhs9/29VC7w==}
    peerDependencies:
      vue: ^3.0.11
    dependencies:
      vue: 3.2.39
    dev: true

  /@emotion/hash/0.8.0:
    resolution: {integrity: sha512-kBJtf7PH6aWwZ6fka3zQ0p6SBYzx4fl1LoZXE2RrnYST9Xljm7WfKJrU4g/Xr3Beg72MLrp1AWNUmuYJTL7Cow==}
    dev: true

  /@esbuild/linux-loong64/0.15.7:
    resolution: {integrity: sha512-IKznSJOsVUuyt7cDzzSZyqBEcZe+7WlBqTVXiF1OXP/4Nm387ToaXZ0fyLwI1iBlI/bzpxVq411QE2/Bt2XWWw==}
    engines: {node: '>=12'}
    cpu: [loong64]
    os: [linux]
    requiresBuild: true
    dev: true
    optional: true

  /@juggle/resize-observer/3.4.0:
    resolution: {integrity: sha512-dfLbk+PwWvFzSxwk3n5ySL0hfBog779o8h68wK/7/APo/7cgyWp5jcXockbxdk5kFRkbeXWm4Fbi9FrdN381sA==}
    dev: true

  /@lylajs/core/0.6.8:
    resolution: {integrity: sha512-5ReVeSJn1dflkofNdRPjzaby8OP+9DHr6+5hg+Rbmls8DLiVM8ULcM9HaPEyQQgNM6oEwxgRqKCOtZ6RqwOjNQ==}
    dev: false

  /@nodelib/fs.scandir/2.1.5:
    resolution: {integrity: sha512-vq24Bq3ym5HEQm2NKCr3yXDwjc7vTsEThRDnkp2DK9p1uqLR+DHurm/NOTo0KG7HYHU7eppKZj3MyqYuMBf62g==}
    engines: {node: '>= 8'}
    dependencies:
      '@nodelib/fs.stat': 2.0.5
      run-parallel: 1.2.0
    dev: true

  /@nodelib/fs.stat/2.0.5:
    resolution: {integrity: sha512-RkhPPp2zrqDAQA/2jNhnztcPAlv64XdhIp7a7454A5ovI7Bukxgt7MX7udwAu3zg1DcpPU0rz3VV1SeaqvY4+A==}
    engines: {node: '>= 8'}
    dev: true

  /@nodelib/fs.walk/1.2.8:
    resolution: {integrity: sha512-oGB+UxlgWcgQkgwo8GcEGwemoTFt3FIO9ababBmaGwXIoBKZ+GTy0pP185beGg7Llih/NSHSV2XAs1lnznocSg==}
    engines: {node: '>= 8'}
    dependencies:
      '@nodelib/fs.scandir': 2.1.5
      fastq: 1.13.0
    dev: true

  /@rollup/pluginutils/4.2.1:
    resolution: {integrity: sha512-iKnFXr7NkdZAIHiIWE+BX5ULi/ucVFYWD6TbAV+rZctiRTY2PL6tsIKhoIOaoskiWAkgu+VsbXgUVDNLHf+InQ==}
    engines: {node: '>= 8.0.0'}
    dependencies:
      estree-walker: 2.0.2
      picomatch: 2.3.1
    dev: true

  /@types/lodash-es/4.17.6:
    resolution: {integrity: sha512-R+zTeVUKDdfoRxpAryaQNRKk3105Rrgx2CFRClIgRGaqDTdjsm8h6IYA8ir584W3ePzkZfst5xIgDwYrlh9HLg==}
    dependencies:
      '@types/lodash': 4.14.185
    dev: true

  /@types/lodash/4.14.185:
    resolution: {integrity: sha512-evMDG1bC4rgQg4ku9tKpuMh5iBNEwNa3tf9zRHdP1qlv+1WUg44xat4IxCE14gIpZRGUUWAx2VhItCZc25NfMA==}
    dev: true

  /@types/node/17.0.45:
    resolution: {integrity: sha512-w+tIMs3rq2afQdsPJlODhoUEKzFP1ayaoyl1CcnwtIlsVe7K7bA1NGm4s3PraqTLlXnbIN84zuBlxBWo1u9BLw==}
    dev: true

  /@types/node/18.7.16:
    resolution: {integrity: sha512-EQHhixfu+mkqHMZl1R2Ovuvn47PUw18azMJOTwSZr9/fhzHNGXAJ0ma0dayRVchprpCj0Kc1K1xKoWaATWF1qg==}
    dev: true

  /@vitejs/plugin-vue/3.1.0_vite@3.1.0+vue@3.2.39:
    resolution: {integrity: sha512-fmxtHPjSOEIRg6vHYDaem+97iwCUg/uSIaTzp98lhELt2ISOQuDo2hbkBdXod0g15IhfPMQmAxh4heUks2zvDA==}
    engines: {node: ^14.18.0 || >=16.0.0}
    peerDependencies:
      vite: ^3.0.0
      vue: ^3.2.25
    dependencies:
      vite: 3.1.0
      vue: 3.2.39
    dev: true

  /@volar/code-gen/0.40.13:
    resolution: {integrity: sha512-4gShBWuMce868OVvgyA1cU5WxHbjfEme18Tw6uVMfweZCF5fB2KECG0iPrA9D54vHk3FeHarODNwgIaaFfUBlA==}
    dependencies:
      '@volar/source-map': 0.40.13
    dev: true

  /@volar/source-map/0.40.13:
    resolution: {integrity: sha512-dbdkAB2Nxb0wLjAY5O64o3ywVWlAGONnBIoKAkXSf6qkGZM+nJxcizsoiI66K+RHQG0XqlyvjDizfnTxr+6PWg==}
    dependencies:
      '@vue/reactivity': 3.2.38
    dev: true

  /@volar/typescript-faster/0.40.13:
    resolution: {integrity: sha512-uy+TlcFkKoNlKEnxA4x5acxdxLyVDIXGSc8cYDNXpPKjBKXrQaetzCzlO3kVBqu1VLMxKNGJMTKn35mo+ILQmw==}
    dependencies:
      semver: 7.3.7
    dev: true

  /@volar/vue-language-core/0.40.13:
    resolution: {integrity: sha512-QkCb8msi2KUitTdM6Y4kAb7/ZlEvuLcbBFOC2PLBlFuoZwyxvSP7c/dBGmKGtJlEvMX0LdCyrg5V2aBYxD38/Q==}
    dependencies:
      '@volar/code-gen': 0.40.13
      '@volar/source-map': 0.40.13
      '@vue/compiler-core': 3.2.39
      '@vue/compiler-dom': 3.2.39
      '@vue/compiler-sfc': 3.2.39
      '@vue/reactivity': 3.2.39
      '@vue/shared': 3.2.39
    dev: true

  /@volar/vue-typescript/0.40.13:
    resolution: {integrity: sha512-o7bNztwjs8JmbQjVkrnbZUOfm7q4B8ZYssETISN1tRaBdun6cfNqgpkvDYd+VUBh1O4CdksvN+5BUNnwAz4oCQ==}
    dependencies:
      '@volar/code-gen': 0.40.13
      '@volar/typescript-faster': 0.40.13
      '@volar/vue-language-core': 0.40.13
    dev: true

  /@vue/compiler-core/3.2.39:
    resolution: {integrity: sha512-mf/36OWXqWn0wsC40nwRRGheR/qoID+lZXbIuLnr4/AngM0ov8Xvv8GHunC0rKRIkh60bTqydlqTeBo49rlbqw==}
    dependencies:
      '@babel/parser': 7.19.0
      '@vue/shared': 3.2.39
      estree-walker: 2.0.2
      source-map: 0.6.1

  /@vue/compiler-dom/3.2.39:
    resolution: {integrity: sha512-HMFI25Be1C8vLEEv1hgEO1dWwG9QQ8LTTPmCkblVJY/O3OvWx6r1+zsox5mKPMGvqYEZa6l8j+xgOfUspgo7hw==}
    dependencies:
      '@vue/compiler-core': 3.2.39
      '@vue/shared': 3.2.39

  /@vue/compiler-sfc/3.2.39:
    resolution: {integrity: sha512-fqAQgFs1/BxTUZkd0Vakn3teKUt//J3c420BgnYgEOoVdTwYpBTSXCMJ88GOBCylmUBbtquGPli9tVs7LzsWIA==}
    dependencies:
      '@babel/parser': 7.19.0
      '@vue/compiler-core': 3.2.39
      '@vue/compiler-dom': 3.2.39
      '@vue/compiler-ssr': 3.2.39
      '@vue/reactivity-transform': 3.2.39
      '@vue/shared': 3.2.39
      estree-walker: 2.0.2
      magic-string: 0.25.9
      postcss: 8.4.16
      source-map: 0.6.1

  /@vue/compiler-ssr/3.2.39:
    resolution: {integrity: sha512-EoGCJ6lincKOZGW+0Ky4WOKsSmqL7hp1ZYgen8M7u/mlvvEQUaO9tKKOy7K43M9U2aA3tPv0TuYYQFrEbK2eFQ==}
    dependencies:
      '@vue/compiler-dom': 3.2.39
      '@vue/shared': 3.2.39

  /@vue/reactivity-transform/3.2.39:
    resolution: {integrity: sha512-HGuWu864zStiWs9wBC6JYOP1E00UjMdDWIG5W+FpUx28hV3uz9ODOKVNm/vdOy/Pvzg8+OcANxAVC85WFBbl3A==}
    dependencies:
      '@babel/parser': 7.19.0
      '@vue/compiler-core': 3.2.39
      '@vue/shared': 3.2.39
      estree-walker: 2.0.2
      magic-string: 0.25.9

  /@vue/reactivity/3.2.38:
    resolution: {integrity: sha512-6L4myYcH9HG2M25co7/BSo0skKFHpAN8PhkNPM4xRVkyGl1K5M3Jx4rp5bsYhvYze2K4+l+pioN4e6ZwFLUVtw==}
    dependencies:
      '@vue/shared': 3.2.38
    dev: true

  /@vue/reactivity/3.2.39:
    resolution: {integrity: sha512-vlaYX2a3qMhIZfrw3Mtfd+BuU+TZmvDrPMa+6lpfzS9k/LnGxkSuf0fhkP0rMGfiOHPtyKoU9OJJJFGm92beVQ==}
    dependencies:
      '@vue/shared': 3.2.39

  /@vue/runtime-core/3.2.39:
    resolution: {integrity: sha512-xKH5XP57JW5JW+8ZG1khBbuLakINTgPuINKL01hStWLTTGFOrM49UfCFXBcFvWmSbci3gmJyLl2EAzCaZWsx8g==}
    dependencies:
      '@vue/reactivity': 3.2.39
      '@vue/shared': 3.2.39

  /@vue/runtime-dom/3.2.39:
    resolution: {integrity: sha512-4G9AEJP+sLhsqf5wXcyKVWQKUhI+iWfy0hWQgea+CpaTD7BR0KdQzvoQdZhwCY6B3oleSyNLkLAQwm0ya/wNoA==}
    dependencies:
      '@vue/runtime-core': 3.2.39
      '@vue/shared': 3.2.39
      csstype: 2.6.20

  /@vue/server-renderer/3.2.39_vue@3.2.39:
    resolution: {integrity: sha512-1yn9u2YBQWIgytFMjz4f/t0j43awKytTGVptfd3FtBk76t1pd8mxbek0G/DrnjJhd2V7mSTb5qgnxMYt8Z5iSQ==}
    peerDependencies:
      vue: 3.2.39
    dependencies:
      '@vue/compiler-ssr': 3.2.39
      '@vue/shared': 3.2.39
      vue: 3.2.39

  /@vue/shared/3.2.38:
    resolution: {integrity: sha512-dTyhTIRmGXBjxJE+skC8tTWCGLCVc4wQgRRLt8+O9p5ewBAjoBwtCAkLPrtToSr1xltoe3st21Pv953aOZ7alg==}
    dev: true

  /@vue/shared/3.2.39:
    resolution: {integrity: sha512-D3dl2ZB9qE6mTuWPk9RlhDeP1dgNRUKC3NJxji74A4yL8M2MwlhLKUC/49WHjrNzSPug58fWx/yFbaTzGAQSBw==}

  /@vue/tsconfig/0.1.3_@types+node@18.7.16:
    resolution: {integrity: sha512-kQVsh8yyWPvHpb8gIc9l/HIDiiVUy1amynLNpCy8p+FoCiZXCo6fQos5/097MmnNZc9AtseDsCrfkhqCrJ8Olg==}
    peerDependencies:
      '@types/node': '*'
    peerDependenciesMeta:
      '@types/node':
        optional: true
    dependencies:
      '@types/node': 18.7.16
    dev: true

  /acorn/8.8.0:
    resolution: {integrity: sha512-QOxyigPVrpZ2GXT+PFyZTl6TtOFc5egxHIP9IlQ+RbupQuX4RkT/Bee4/kQuC02Xkzg84JcT7oLYtDIQxp+v7w==}
    engines: {node: '>=0.4.0'}
    hasBin: true
    dev: true

  /anymatch/3.1.2:
    resolution: {integrity: sha512-P43ePfOAIupkguHUycrc4qJ9kz8ZiuOUijaETwX7THt0Y/GNK7v0aa8rY816xWjZ7rJdA5XdMcpVFTKMq+RvWg==}
    engines: {node: '>= 8'}
    dependencies:
      normalize-path: 3.0.0
      picomatch: 2.3.1
    dev: true

  /async-validator/4.2.5:
    resolution: {integrity: sha512-7HhHjtERjqlNbZtqNqy2rckN/SpOOlmDliet+lP7k+eKZEjPk3DgyeU9lIXLdeLz0uBbbVp+9Qdow9wJWgwwfg==}
    dev: true

  /balanced-match/1.0.2:
    resolution: {integrity: sha512-3oSeUO0TMV67hN1AmbXsK4yaqU7tjiHlbxRDZOpH0KW9+CeX4bRAaX0Anxt0tx2MrpRpWwQaPwIlISEJhYU5Pw==}
    dev: true

  /binary-extensions/2.2.0:
    resolution: {integrity: sha512-jDctJ/IVQbZoJykoeHbhXpOlNBqGNcwXJKJog42E5HDPUwQTSdjCHdihjj0DlnheQ7blbT6dHOafNAiS8ooQKA==}
    engines: {node: '>=8'}
    dev: true

  /brace-expansion/2.0.1:
    resolution: {integrity: sha512-XnAIvQ8eM+kC6aULx6wuQiwVsnzsi9d3WxzV3FpWTGA19F621kwdbsAcFKXgKUHZWsy+mY6iL1sHTxWEFCytDA==}
    dependencies:
      balanced-match: 1.0.2
    dev: true

  /braces/3.0.2:
    resolution: {integrity: sha512-b8um+L1RzM3WDSzvhm6gIz1yfTbBt6YTlcEKAvsmqCZZFw46z626lVj9j1yEPW33H5H+lBQpZMP1k8l+78Ha0A==}
    engines: {node: '>=8'}
    dependencies:
      fill-range: 7.0.1
    dev: true

  /chokidar/3.5.3:
    resolution: {integrity: sha512-Dr3sfKRP6oTcjf2JmUmFJfeVMvXBdegxB0iVQ5eb2V10uFJUCAS8OByZdVAyVb8xXNz3GjjTgj9kLWsZTqE6kw==}
    engines: {node: '>= 8.10.0'}
    dependencies:
      anymatch: 3.1.2
      braces: 3.0.2
      glob-parent: 5.1.2
      is-binary-path: 2.1.0
      is-glob: 4.0.3
      normalize-path: 3.0.0
      readdirp: 3.6.0
    optionalDependencies:
      fsevents: 2.3.2
    dev: true

  /css-render/0.15.11:
    resolution: {integrity: sha512-hnLrHPUndVUTF5nmNPRey6hpixK02IPUGdEsm2xRjvJuewToyrVFx9Nmai8rgfVzhTFo5SJVh2PHAtzaIV8JKw==}
    dependencies:
      '@emotion/hash': 0.8.0
      '@types/node': 17.0.45
      csstype: 3.0.11
    dev: true

  /csstype/2.6.20:
    resolution: {integrity: sha512-/WwNkdXfckNgw6S5R125rrW8ez139lBHWouiBvX8dfMFtcn6V81REDqnH7+CRpRipfYlyU1CmOnOxrmGcFOjeA==}

  /csstype/3.0.11:
    resolution: {integrity: sha512-sa6P2wJ+CAbgyy4KFssIb/JNMLxFvKF1pCYCSXS8ZMuqZnMsrxqI2E5sPyoTpxoPU/gVZMzr2zjOfg8GIZOMsw==}
    dev: true

  /date-fns-tz/1.3.7_date-fns@2.29.2:
    resolution: {integrity: sha512-1t1b8zyJo+UI8aR+g3iqr5fkUHWpd58VBx8J/ZSQ+w7YrGlw80Ag4sA86qkfCXRBLmMc4I2US+aPMd4uKvwj5g==}
    peerDependencies:
      date-fns: '>=2.0.0'
    dependencies:
      date-fns: 2.29.2
    dev: true

  /date-fns/2.29.2:
    resolution: {integrity: sha512-0VNbwmWJDS/G3ySwFSJA3ayhbURMTJLtwM2DTxf9CWondCnh6DTNlO9JgRSq6ibf4eD0lfMJNBxUdEAHHix+bA==}
    engines: {node: '>=0.11'}
    dev: true

  /debug/4.3.4:
    resolution: {integrity: sha512-PRWFHuSU3eDtQJPvnNY7Jcket1j0t5OuOsFzPPzsekD52Zl8qUfFIPEiswXqIvHWGVHOgX+7G/vCNNhehwxfkQ==}
    engines: {node: '>=6.0'}
    peerDependencies:
      supports-color: '*'
    peerDependenciesMeta:
      supports-color:
        optional: true
    dependencies:
      ms: 2.1.2
    dev: true

  /esbuild-android-64/0.15.7:
    resolution: {integrity: sha512-p7rCvdsldhxQr3YHxptf1Jcd86dlhvc3EQmQJaZzzuAxefO9PvcI0GLOa5nCWem1AJ8iMRu9w0r5TG8pHmbi9w==}
    engines: {node: '>=12'}
    cpu: [x64]
    os: [android]
    requiresBuild: true
    dev: true
    optional: true

  /esbuild-android-arm64/0.15.7:
    resolution: {integrity: sha512-L775l9ynJT7rVqRM5vo+9w5g2ysbOCfsdLV4CWanTZ1k/9Jb3IYlQ06VCI1edhcosTYJRECQFJa3eAvkx72eyQ==}
    engines: {node: '>=12'}
    cpu: [arm64]
    os: [android]
    requiresBuild: true
    dev: true
    optional: true

  /esbuild-darwin-64/0.15.7:
    resolution: {integrity: sha512-KGPt3r1c9ww009t2xLB6Vk0YyNOXh7hbjZ3EecHoVDxgtbUlYstMPDaReimKe6eOEfyY4hBEEeTvKwPsiH5WZg==}
    engines: {node: '>=12'}
    cpu: [x64]
    os: [darwin]
    requiresBuild: true
    dev: true
    optional: true

  /esbuild-darwin-arm64/0.15.7:
    resolution: {integrity: sha512-kBIHvtVqbSGajN88lYMnR3aIleH3ABZLLFLxwL2stiuIGAjGlQW741NxVTpUHQXUmPzxi6POqc9npkXa8AcSZQ==}
    engines: {node: '>=12'}
    cpu: [arm64]
    os: [darwin]
    requiresBuild: true
    dev: true
    optional: true

  /esbuild-freebsd-64/0.15.7:
    resolution: {integrity: sha512-hESZB91qDLV5MEwNxzMxPfbjAhOmtfsr9Wnuci7pY6TtEh4UDuevmGmkUIjX/b+e/k4tcNBMf7SRQ2mdNuK/HQ==}
    engines: {node: '>=12'}
    cpu: [x64]
    os: [freebsd]
    requiresBuild: true
    dev: true
    optional: true

  /esbuild-freebsd-arm64/0.15.7:
    resolution: {integrity: sha512-dLFR0ChH5t+b3J8w0fVKGvtwSLWCv7GYT2Y2jFGulF1L5HftQLzVGN+6pi1SivuiVSmTh28FwUhi9PwQicXI6Q==}
    engines: {node: '>=12'}
    cpu: [arm64]
    os: [freebsd]
    requiresBuild: true
    dev: true
    optional: true

  /esbuild-linux-32/0.15.7:
    resolution: {integrity: sha512-v3gT/LsONGUZcjbt2swrMjwxo32NJzk+7sAgtxhGx1+ZmOFaTRXBAi1PPfgpeo/J//Un2jIKm/I+qqeo4caJvg==}
    engines: {node: '>=12'}
    cpu: [ia32]
    os: [linux]
    requiresBuild: true
    dev: true
    optional: true

  /esbuild-linux-64/0.15.7:
    resolution: {integrity: sha512-LxXEfLAKwOVmm1yecpMmWERBshl+Kv5YJ/1KnyAr6HRHFW8cxOEsEfisD3sVl/RvHyW//lhYUVSuy9jGEfIRAQ==}
    engines: {node: '>=12'}
    cpu: [x64]
    os: [linux]
    requiresBuild: true
    dev: true
    optional: true

  /esbuild-linux-arm/0.15.7:
    resolution: {integrity: sha512-JKgAHtMR5f75wJTeuNQbyznZZa+pjiUHV7sRZp42UNdyXC6TiUYMW/8z8yIBAr2Fpad8hM1royZKQisqPABPvQ==}
    engines: {node: '>=12'}
    cpu: [arm]
    os: [linux]
    requiresBuild: true
    dev: true
    optional: true

  /esbuild-linux-arm64/0.15.7:
    resolution: {integrity: sha512-P3cfhudpzWDkglutWgXcT2S7Ft7o2e3YDMrP1n0z2dlbUZghUkKCyaWw0zhp4KxEEzt/E7lmrtRu/pGWnwb9vw==}
    engines: {node: '>=12'}
    cpu: [arm64]
    os: [linux]
    requiresBuild: true
    dev: true
    optional: true

  /esbuild-linux-mips64le/0.15.7:
    resolution: {integrity: sha512-T7XKuxl0VpeFLCJXub6U+iybiqh0kM/bWOTb4qcPyDDwNVhLUiPcGdG2/0S7F93czUZOKP57YiLV8YQewgLHKw==}
    engines: {node: '>=12'}
    cpu: [mips64el]
    os: [linux]
    requiresBuild: true
    dev: true
    optional: true

  /esbuild-linux-ppc64le/0.15.7:
    resolution: {integrity: sha512-6mGuC19WpFN7NYbecMIJjeQgvDb5aMuvyk0PDYBJrqAEMkTwg3Z98kEKuCm6THHRnrgsdr7bp4SruSAxEM4eJw==}
    engines: {node: '>=12'}
    cpu: [ppc64]
    os: [linux]
    requiresBuild: true
    dev: true
    optional: true

  /esbuild-linux-riscv64/0.15.7:
    resolution: {integrity: sha512-uUJsezbswAYo/X7OU/P+PuL/EI9WzxsEQXDekfwpQ23uGiooxqoLFAPmXPcRAt941vjlY9jtITEEikWMBr+F/g==}
    engines: {node: '>=12'}
    cpu: [riscv64]
    os: [linux]
    requiresBuild: true
    dev: true
    optional: true

  /esbuild-linux-s390x/0.15.7:
    resolution: {integrity: sha512-+tO+xOyTNMc34rXlSxK7aCwJgvQyffqEM5MMdNDEeMU3ss0S6wKvbBOQfgd5jRPblfwJ6b+bKiz0g5nABpY0QQ==}
    engines: {node: '>=12'}
    cpu: [s390x]
    os: [linux]
    requiresBuild: true
    dev: true
    optional: true

  /esbuild-netbsd-64/0.15.7:
    resolution: {integrity: sha512-yVc4Wz+Pu3cP5hzm5kIygNPrjar/v5WCSoRmIjCPWfBVJkZNb5brEGKUlf+0Y759D48BCWa0WHrWXaNy0DULTQ==}
    engines: {node: '>=12'}
    cpu: [x64]
    os: [netbsd]
    requiresBuild: true
    dev: true
    optional: true

  /esbuild-openbsd-64/0.15.7:
    resolution: {integrity: sha512-GsimbwC4FSR4lN3wf8XmTQ+r8/0YSQo21rWDL0XFFhLHKlzEA4SsT1Tl8bPYu00IU6UWSJ+b3fG/8SB69rcuEQ==}
    engines: {node: '>=12'}
    cpu: [x64]
    os: [openbsd]
    requiresBuild: true
    dev: true
    optional: true

  /esbuild-sunos-64/0.15.7:
    resolution: {integrity: sha512-8CDI1aL/ts0mDGbWzjEOGKXnU7p3rDzggHSBtVryQzkSOsjCHRVe0iFYUuhczlxU1R3LN/E7HgUO4NXzGGP/Ag==}
    engines: {node: '>=12'}
    cpu: [x64]
    os: [sunos]
    requiresBuild: true
    dev: true
    optional: true

  /esbuild-windows-32/0.15.7:
    resolution: {integrity: sha512-cOnKXUEPS8EGCzRSFa1x6NQjGhGsFlVgjhqGEbLTPsA7x4RRYiy2RKoArNUU4iR2vHmzqS5Gr84MEumO/wxYKA==}
    engines: {node: '>=12'}
    cpu: [ia32]
    os: [win32]
    requiresBuild: true
    dev: true
    optional: true

  /esbuild-windows-64/0.15.7:
    resolution: {integrity: sha512-7MI08Ec2sTIDv+zH6StNBKO+2hGUYIT42GmFyW6MBBWWtJhTcQLinKS6ldIN1d52MXIbiJ6nXyCJ+LpL4jBm3Q==}
    engines: {node: '>=12'}
    cpu: [x64]
    os: [win32]
    requiresBuild: true
    dev: true
    optional: true

  /esbuild-windows-arm64/0.15.7:
    resolution: {integrity: sha512-R06nmqBlWjKHddhRJYlqDd3Fabx9LFdKcjoOy08YLimwmsswlFBJV4rXzZCxz/b7ZJXvrZgj8DDv1ewE9+StMw==}
    engines: {node: '>=12'}
    cpu: [arm64]
    os: [win32]
    requiresBuild: true
    dev: true
    optional: true

  /esbuild/0.15.7:
    resolution: {integrity: sha512-7V8tzllIbAQV1M4QoE52ImKu8hT/NLGlGXkiDsbEU5PS6K8Mn09ZnYoS+dcmHxOS9CRsV4IRAMdT3I67IyUNXw==}
    engines: {node: '>=12'}
    hasBin: true
    requiresBuild: true
    optionalDependencies:
      '@esbuild/linux-loong64': 0.15.7
      esbuild-android-64: 0.15.7
      esbuild-android-arm64: 0.15.7
      esbuild-darwin-64: 0.15.7
      esbuild-darwin-arm64: 0.15.7
      esbuild-freebsd-64: 0.15.7
      esbuild-freebsd-arm64: 0.15.7
      esbuild-linux-32: 0.15.7
      esbuild-linux-64: 0.15.7
      esbuild-linux-arm: 0.15.7
      esbuild-linux-arm64: 0.15.7
      esbuild-linux-mips64le: 0.15.7
      esbuild-linux-ppc64le: 0.15.7
      esbuild-linux-riscv64: 0.15.7
      esbuild-linux-s390x: 0.15.7
      esbuild-netbsd-64: 0.15.7
      esbuild-openbsd-64: 0.15.7
      esbuild-sunos-64: 0.15.7
      esbuild-windows-32: 0.15.7
      esbuild-windows-64: 0.15.7
      esbuild-windows-arm64: 0.15.7
    dev: true

  /escape-string-regexp/5.0.0:
    resolution: {integrity: sha512-/veY75JbMK4j1yjvuUxuVsiS/hr/4iHs9FTT6cgTexxdE0Ly/glccBAkloH/DofkjRbZU3bnoj38mOmhkZ0lHw==}
    engines: {node: '>=12'}
    dev: true

  /estree-walker/2.0.2:
    resolution: {integrity: sha512-Rfkk/Mp/DL7JVje3u18FxFujQlTNR2q6QfMSMB7AvCBx91NGj/ba3kCfza0f6dVDbw7YlRf/nDrn7pQrCCyQ/w==}

  /evtd/0.2.4:
    resolution: {integrity: sha512-qaeGN5bx63s/AXgQo8gj6fBkxge+OoLddLniox5qtLAEY5HSnuSlISXVPxnSae1dWblvTh4/HoMIB+mbMsvZzw==}
    dev: true

  /fast-glob/3.2.12:
    resolution: {integrity: sha512-DVj4CQIYYow0BlaelwK1pHl5n5cRSJfM60UA0zK891sVInoPri2Ekj7+e1CT3/3qxXenpI+nBBmQAcJPJgaj4w==}
    engines: {node: '>=8.6.0'}
    dependencies:
      '@nodelib/fs.stat': 2.0.5
      '@nodelib/fs.walk': 1.2.8
      glob-parent: 5.1.2
      merge2: 1.4.1
      micromatch: 4.0.5
    dev: true

  /fastq/1.13.0:
    resolution: {integrity: sha512-YpkpUnK8od0o1hmeSc7UUs/eB/vIPWJYjKck2QKIzAf71Vm1AAQ3EbuZB3g2JIy+pg+ERD0vqI79KyZiB2e2Nw==}
    dependencies:
      reusify: 1.0.4
    dev: true

  /fill-range/7.0.1:
    resolution: {integrity: sha512-qOo9F+dMUmC2Lcb4BbVvnKJxTPjCm+RRpe4gDuGrzkL7mEVl/djYSu2OdQ2Pa302N4oqkSg9ir6jaLWJ2USVpQ==}
    engines: {node: '>=8'}
    dependencies:
      to-regex-range: 5.0.1
    dev: true

  /fsevents/2.3.2:
    resolution: {integrity: sha512-xiqMQR4xAeHTuB9uWm+fFRcIOgKBMiOBP+eXiyT7jsgVCq1bkVygt00oASowB7EdtpOHaaPgKt812P9ab+DDKA==}
    engines: {node: ^8.16.0 || ^10.6.0 || >=11.0.0}
    os: [darwin]
    requiresBuild: true
    dev: true
    optional: true

  /function-bind/1.1.1:
    resolution: {integrity: sha512-yIovAzMX49sF8Yl58fSCWJ5svSLuaibPxXQJFLmBObTuCr0Mf1KiPopGM9NiFjiYBCbfaa2Fh6breQ6ANVTI0A==}
    dev: true

  /glob-parent/5.1.2:
    resolution: {integrity: sha512-AOIgSQCepiJYwP3ARnGx+5VnTu2HBYdzbGP45eLw1vr3zB3vZLeyed1sC9hnbcOc9/SrMyM5RPQrkGz4aS9Zow==}
    engines: {node: '>= 6'}
    dependencies:
      is-glob: 4.0.3
    dev: true

  /has/1.0.3:
    resolution: {integrity: sha512-f2dvO0VU6Oej7RkWJGrehjbzMAjFp5/VKPp5tTpWIV4JHHZK1/BxbFRtf/siA2SWTe09caDmVtYYzWEIbBS4zw==}
    engines: {node: '>= 0.4.0'}
    dependencies:
      function-bind: 1.1.1
    dev: true

  /highlight.js/11.6.0:
    resolution: {integrity: sha512-ig1eqDzJaB0pqEvlPVIpSSyMaO92bH1N2rJpLMN/nX396wTpDA4Eq0uK+7I/2XG17pFaaKE0kjV/XPeGt7Evjw==}
    engines: {node: '>=12.0.0'}
    dev: true

  /is-binary-path/2.1.0:
    resolution: {integrity: sha512-ZMERYes6pDydyuGidse7OsHxtbI7WVeUEozgR/g7rd0xUimYNlvZRE/K2MgZTjWy725IfelLeVcEM97mmtRGXw==}
    engines: {node: '>=8'}
    dependencies:
      binary-extensions: 2.2.0
    dev: true

  /is-core-module/2.10.0:
    resolution: {integrity: sha512-Erxj2n/LDAZ7H8WNJXd9tw38GYM3dv8rk8Zcs+jJuxYTW7sozH+SS8NtrSjVL1/vpLvWi1hxy96IzjJ3EHTJJg==}
    dependencies:
      has: 1.0.3
    dev: true

  /is-extglob/2.1.1:
    resolution: {integrity: sha512-SbKbANkN603Vi4jEZv49LeVJMn4yGwsbzZworEoyEiutsN3nJYdbO36zfhGJ6QEDpOZIFkDtnq5JRxmvl3jsoQ==}
    engines: {node: '>=0.10.0'}
    dev: true

  /is-glob/4.0.3:
    resolution: {integrity: sha512-xelSayHH36ZgE7ZWhli7pW34hNbNl8Ojv5KVmkJD4hBdD3th8Tfk9vYasLM+mXWOZhFkgZfxhLSnrwRr4elSSg==}
    engines: {node: '>=0.10.0'}
    dependencies:
      is-extglob: 2.1.1
    dev: true

  /is-number/7.0.0:
    resolution: {integrity: sha512-41Cifkg6e8TylSpdtTpeLVMqvSBEVzTttHvERD741+pnZ8ANv0004MRL43QKPDlK9cGvNp6NZWZUBlbGXYxxng==}
    engines: {node: '>=0.12.0'}
    dev: true

  /jsonc-parser/3.2.0:
    resolution: {integrity: sha512-gfFQZrcTc8CnKXp6Y4/CBT3fTc0OVuDofpre4aEeEpSBPV5X5v4+Vmx+8snU7RLPrNHPKSgLxGo9YuQzz20o+w==}
    dev: true

  /local-pkg/0.4.2:
    resolution: {integrity: sha512-mlERgSPrbxU3BP4qBqAvvwlgW4MTg78iwJdGGnv7kibKjWcJksrG3t6LB5lXI93wXRDvG4NpUgJFmTG4T6rdrg==}
    engines: {node: '>=14'}
    dev: true

  /lodash-es/4.17.21:
    resolution: {integrity: sha512-mKnC+QJ9pWVzv+C4/U3rRsHapFfHvQFoFB92e52xeyGMcX6/OlIl78je1u8vePzYZSkkogMPJ2yjxxsb89cxyw==}
    dev: true

  /lodash/4.17.21:
    resolution: {integrity: sha512-v2kDEe57lecTulaDIuNTPy3Ry4gLGJ6Z1O3vE1krgXZNrsQ+LFTGHVxVjcXPs17LhbZVGedAJv8XZ1tvj5FvSg==}
    dev: true

  /lru-cache/6.0.0:
    resolution: {integrity: sha512-Jo6dJ04CmSjuznwJSS3pUeWmd/H0ffTlkXXgwZi+eq1UCmqQwCh+eLsYOYCwY991i2Fah4h1BEMCx4qThGbsiA==}
    engines: {node: '>=10'}
    dependencies:
      yallist: 4.0.0
    dev: true

  /lyla/0.6.8:
    resolution: {integrity: sha512-xYEhZ//3uirigp4FHZytxLG2OsPNzRFRoRRre/pGCbMrX0o5byvylmgGVfaomITY5MoLPyjWy/2JiEZSlcPONg==}
    dependencies:
      '@lylajs/core': 0.6.8
    dev: false

  /magic-string/0.25.9:
    resolution: {integrity: sha512-RmF0AsMzgt25qzqqLc1+MbHmhdx0ojF2Fvs4XnOqz2ZOBXzzkEwc/dJQZCYHAn7v1jbVOjAZfK8msRn4BxO4VQ==}
    dependencies:
      sourcemap-codec: 1.4.8

  /magic-string/0.26.3:
    resolution: {integrity: sha512-u1Po0NDyFcwdg2nzHT88wSK0+Rih0N1M+Ph1Sp08k8yvFFU3KR72wryS7e1qMPJypt99WB7fIFVCA92mQrMjrg==}
    engines: {node: '>=12'}
    dependencies:
      sourcemap-codec: 1.4.8
    dev: true

  /merge2/1.4.1:
    resolution: {integrity: sha512-8q7VEgMJW4J8tcfVPy8g09NcQwZdbwFEqhe/WZkoIzjn/3TGDwtOCYtXGxA3O8tPzpczCCDgv+P2P5y00ZJOOg==}
    engines: {node: '>= 8'}
    dev: true

  /micromatch/4.0.5:
    resolution: {integrity: sha512-DMy+ERcEW2q8Z2Po+WNXuw3c5YaUSFjAO5GsJqfEl7UjvtIuFKO6ZrKvcItdy98dwFI2N1tg3zNIdKaQT+aNdA==}
    engines: {node: '>=8.6'}
    dependencies:
      braces: 3.0.2
      picomatch: 2.3.1
    dev: true

  /minimatch/5.1.0:
    resolution: {integrity: sha512-9TPBGGak4nHfGZsPBohm9AWg6NoT7QTCehS3BIJABslyZbzxfV78QM2Y6+i741OPZIafFAaiiEMh5OyIrJPgtg==}
    engines: {node: '>=10'}
    dependencies:
      brace-expansion: 2.0.1
    dev: true

  /mlly/0.5.14:
    resolution: {integrity: sha512-DgRgNUSX9NIxxCxygX4Xeg9C7GX7OUx1wuQ8cXx9o9LE0e9wrH+OZ9fcnrlEedsC/rtqry3ZhUddC759XD/L0w==}
    dependencies:
      acorn: 8.8.0
      pathe: 0.3.7
      pkg-types: 0.3.5
      ufo: 0.8.5
    dev: true

  /ms/2.1.2:
    resolution: {integrity: sha512-sGkPx+VjMtmA6MX27oA4FBFELFCZZ4S4XqeGOXCv68tT+jb3vk/RyaKWP0PTKyWtmLSM0b+adUTEvbs1PEaH2w==}
    dev: true

  /naive-ui/2.33.2_vue@3.2.39:
    resolution: {integrity: sha512-XT18dOE7dK15xedO9MlrPsD3AXBKncr0lqlsxakHl/DckqOaAbdA7yxDl/qtVTBC+1Rlf29cFP/th7P7DSy5zg==}
    peerDependencies:
      vue: ^3.0.0
    dependencies:
      '@css-render/plugin-bem': 0.15.11_css-render@0.15.11
      '@css-render/vue3-ssr': 0.15.11_vue@3.2.39
      '@types/lodash': 4.14.185
      '@types/lodash-es': 4.17.6
      async-validator: 4.2.5
      css-render: 0.15.11
      date-fns: 2.29.2
      date-fns-tz: 1.3.7_date-fns@2.29.2
      evtd: 0.2.4
      highlight.js: 11.6.0
      lodash: 4.17.21
      lodash-es: 4.17.21
      seemly: 0.3.6
      treemate: 0.3.11
      vdirs: 0.1.8_vue@3.2.39
      vooks: 0.2.12_vue@3.2.39
      vue: 3.2.39
      vueuc: 0.4.48_vue@3.2.39
    dev: true

  /nanoid/3.3.4:
    resolution: {integrity: sha512-MqBkQh/OHTS2egovRtLk45wEyNXwF+cokD+1YPf9u5VfJiRdAiRwB2froX5Co9Rh20xs4siNPm8naNotSD6RBw==}
    engines: {node: ^10 || ^12 || ^13.7 || ^14 || >=15.0.1}
    hasBin: true

  /normalize-path/3.0.0:
    resolution: {integrity: sha512-6eZs5Ls3WtCisHWp9S2GUy8dqkpGi4BVSz3GaqiE6ezub0512ESztXUwUB6C6IKbQkY2Pnb/mD4WYojCRwcwLA==}
    engines: {node: '>=0.10.0'}
    dev: true

  /path-parse/1.0.7:
    resolution: {integrity: sha512-LDJzPVEEEPR+y48z93A0Ed0yXb8pAByGWo/k5YYdYgpY2/2EsOsksJrq7lOHxryrVOn1ejG6oAp8ahvOIQD8sw==}
    dev: true

  /pathe/0.3.7:
    resolution: {integrity: sha512-yz7GK+kSsS27x727jtXpd5VT4dDfP/JDIQmaowfxyWCnFjOWtE1VIh7i6TzcSfzW0n4+bRQztj1VdKnITNq/MA==}
    dev: true

  /picocolors/1.0.0:
    resolution: {integrity: sha512-1fygroTLlHu66zi26VoTDv8yRgm0Fccecssto+MhsZ0D/DGW2sm8E8AjW7NU5VVTRt5GxbeZ5qBuJr+HyLYkjQ==}

  /picomatch/2.3.1:
    resolution: {integrity: sha512-JU3teHTNjmE2VCGFzuY8EXzCDVwEqB2a8fsIvwaStHhAWJEeVd1o1QD80CU6+ZdEXXSLbSsuLwJjkCBWqRQUVA==}
    engines: {node: '>=8.6'}
    dev: true

  /pkg-types/0.3.5:
    resolution: {integrity: sha512-VkxCBFVgQhNHYk9subx+HOhZ4jzynH11ah63LZsprTKwPCWG9pfWBlkElWFbvkP9BVR0dP1jS9xPdhaHQNK74Q==}
    dependencies:
      jsonc-parser: 3.2.0
      mlly: 0.5.14
      pathe: 0.3.7
    dev: true

  /postcss/8.4.16:
    resolution: {integrity: sha512-ipHE1XBvKzm5xI7hiHCZJCSugxvsdq2mPnsq5+UF+VHCjiBvtDrlxJfMBToWaP9D5XlgNmcFGqoHmUn0EYEaRQ==}
    engines: {node: ^10 || ^12 || >=14}
    dependencies:
      nanoid: 3.3.4
      picocolors: 1.0.0
      source-map-js: 1.0.2

  /queue-microtask/1.2.3:
    resolution: {integrity: sha512-NuaNSa6flKT5JaSYQzJok04JzTL1CA6aGhv5rfLW3PgqA+M2ChpZQnAC8h8i4ZFkBS8X5RqkDBHA7r4hej3K9A==}
    dev: true

  /readdirp/3.6.0:
    resolution: {integrity: sha512-hOS089on8RduqdbhvQ5Z37A0ESjsqz6qnRcffsMU3495FuTdqSm+7bhJ29JvIOsBDEEnan5DPu9t3To9VRlMzA==}
    engines: {node: '>=8.10.0'}
    dependencies:
      picomatch: 2.3.1
    dev: true

  /resolve/1.22.1:
    resolution: {integrity: sha512-nBpuuYuY5jFsli/JIs1oldw6fOQCBioohqWZg/2hiaOybXOft4lonv85uDOKXdf8rhyK159cxU5cDcK/NKk8zw==}
    hasBin: true
    dependencies:
      is-core-module: 2.10.0
      path-parse: 1.0.7
      supports-preserve-symlinks-flag: 1.0.0
    dev: true

  /reusify/1.0.4:
    resolution: {integrity: sha512-U9nH88a3fc/ekCF1l0/UP1IosiuIjyTh7hBvXVMHYgVcfGvt897Xguj2UOLDeI5BG2m7/uwyaLVT6fbtCwTyzw==}
    engines: {iojs: '>=1.0.0', node: '>=0.10.0'}
    dev: true

  /rollup/2.78.1:
    resolution: {integrity: sha512-VeeCgtGi4P+o9hIg+xz4qQpRl6R401LWEXBmxYKOV4zlF82lyhgh2hTZnheFUbANE8l2A41F458iwj2vEYaXJg==}
    engines: {node: '>=10.0.0'}
    hasBin: true
    optionalDependencies:
      fsevents: 2.3.2
    dev: true

  /run-parallel/1.2.0:
    resolution: {integrity: sha512-5l4VyZR86LZ/lDxZTR6jqL8AFE2S0IFLMP26AbjsLVADxHdhB/c0GUsH+y39UfCi3dzz8OlQuPmnaJOMoDHQBA==}
    dependencies:
      queue-microtask: 1.2.3
    dev: true

  /scule/0.3.2:
    resolution: {integrity: sha512-zIvPdjOH8fv8CgrPT5eqtxHQXmPNnV/vHJYffZhE43KZkvULvpCTvOt1HPlFaCZx287INL9qaqrZg34e8NgI4g==}
    dev: true

  /seemly/0.3.6:
    resolution: {integrity: sha512-lEV5VB8BUKTo/AfktXJcy+JeXns26ylbMkIUco8CYREsQijuz4mrXres2Q+vMLdwkuLxJdIPQ8IlCIxLYm71Yw==}
    dev: true

  /semver/7.3.7:
    resolution: {integrity: sha512-QlYTucUYOews+WeEujDoEGziz4K6c47V/Bd+LjSSYcA94p+DmINdf7ncaUinThfvZyu13lN9OY1XDxt8C0Tw0g==}
    engines: {node: '>=10'}
    hasBin: true
    dependencies:
      lru-cache: 6.0.0
    dev: true

  /source-map-js/1.0.2:
    resolution: {integrity: sha512-R0XvVJ9WusLiqTCEiGCmICCMplcCkIwwR11mOSD9CR5u+IXYdiseeEuXCVAjS54zqwkLcPNnmU4OeJ6tUrWhDw==}
    engines: {node: '>=0.10.0'}

  /source-map/0.6.1:
    resolution: {integrity: sha512-UjgapumWlbMhkBgzT7Ykc5YXUT46F0iKu8SGXq0bcwP5dz/h0Plj6enJqjz1Zbq2l5WaqYnrVbwWOWMyF3F47g==}
    engines: {node: '>=0.10.0'}

  /sourcemap-codec/1.4.8:
    resolution: {integrity: sha512-9NykojV5Uih4lgo5So5dtw+f0JgJX30KCNI8gwhz2J9A15wD0Ml6tjHKwf6fTSa6fAdVBdZeNOs9eJ71qCk8vA==}

  /strip-literal/0.4.0:
    resolution: {integrity: sha512-ql/sBDoJOybTKSIOWrrh8kgUEMjXMwRAkZTD0EwiwxQH/6tTPkZvMIEjp0CRlpi6V5FMiJyvxeRkEi1KrGISoA==}
    dependencies:
      acorn: 8.8.0
    dev: true

  /supports-preserve-symlinks-flag/1.0.0:
    resolution: {integrity: sha512-ot0WnXS9fgdkgIcePe6RHNk1WA8+muPa6cSjeR3V8K27q9BB1rTE3R1p7Hv0z1ZyAc8s6Vvv8DIyWf681MAt0w==}
    engines: {node: '>= 0.4'}
    dev: true

  /to-fast-properties/2.0.0:
    resolution: {integrity: sha512-/OaKK0xYrs3DmxRYqL/yDc+FxFUVYhDlXMhRmv3z915w2HF1tnN1omB354j8VUGO/hbRzyD6Y3sA7v7GS/ceog==}
    engines: {node: '>=4'}

  /to-regex-range/5.0.1:
    resolution: {integrity: sha512-65P7iz6X5yEr1cwcgvQxbbIw7Uk3gOy5dIdtZ4rDveLqhrdJP+Li/Hx6tyK0NEb+2GCyneCMJiGqrADCSNk8sQ==}
    engines: {node: '>=8.0'}
    dependencies:
      is-number: 7.0.0
    dev: true

  /treemate/0.3.11:
    resolution: {integrity: sha512-M8RGFoKtZ8dF+iwJfAJTOH/SM4KluKOKRJpjCMhI8bG3qB74zrFoArKZ62ll0Fr3mqkMJiQOmWYkdYgDeITYQg==}
    dev: true

  /typescript/4.8.3:
    resolution: {integrity: sha512-goMHfm00nWPa8UvR/CPSvykqf6dVV8x/dp0c5mFTMTIu0u0FlGWRioyy7Nn0PGAdHxpJZnuO/ut+PpQ8UiHAig==}
    engines: {node: '>=4.2.0'}
    hasBin: true
    dev: true

  /ufo/0.8.5:
    resolution: {integrity: sha512-e4+UtA5IRO+ha6hYklwj6r7BjiGMxS0O+UaSg9HbaTefg4kMkzj4tXzEBajRR+wkxf+golgAWKzLbytCUDMJAA==}
    dev: true

  /unimport/0.6.7_vite@3.1.0:
    resolution: {integrity: sha512-EMoVqDjswHkU+nD098QYHXH7Mkw7KwGDQAyeRF2lgairJnuO+wpkhIcmCqrD1OPJmsjkTbJ2tW6Ap8St0PuWZA==}
    dependencies:
      '@rollup/pluginutils': 4.2.1
      escape-string-regexp: 5.0.0
      fast-glob: 3.2.12
      local-pkg: 0.4.2
      magic-string: 0.26.3
      mlly: 0.5.14
      pathe: 0.3.7
      scule: 0.3.2
      strip-literal: 0.4.0
      unplugin: 0.9.5_vite@3.1.0
    transitivePeerDependencies:
      - esbuild
      - rollup
      - vite
      - webpack
    dev: true

  /unplugin-auto-import/0.11.2_vite@3.1.0:
    resolution: {integrity: sha512-1+VwBfn9dtiYv9SQLKP1AvZolUbK9xTVeAT+iOcEk4EHSFUlmIqBVLEKI76cifSQTLOJ3rZyPrEgptf3SZNLlQ==}
    engines: {node: '>=14'}
    peerDependencies:
      '@vueuse/core': '*'
    peerDependenciesMeta:
      '@vueuse/core':
        optional: true
    dependencies:
      '@antfu/utils': 0.5.2
      '@rollup/pluginutils': 4.2.1
      local-pkg: 0.4.2
      magic-string: 0.26.3
      unimport: 0.6.7_vite@3.1.0
      unplugin: 0.9.5_vite@3.1.0
    transitivePeerDependencies:
      - esbuild
      - rollup
      - vite
      - webpack
    dev: true

  /unplugin-vue-components/0.22.6_vite@3.1.0+vue@3.2.39:
    resolution: {integrity: sha512-QiOAjEHpAD/i4+B1nFJPhzRYMQpFJN/m/VM0zLVxGzHGtJW//2z0Iyq5eqYczZeRfj6v9pIyuVw7BdChgD4G6A==}
    engines: {node: '>=14'}
    peerDependencies:
      '@babel/parser': ^7.15.8
      vue: 2 || 3
    peerDependenciesMeta:
      '@babel/parser':
        optional: true
    dependencies:
      '@antfu/utils': 0.5.2
      '@rollup/pluginutils': 4.2.1
      chokidar: 3.5.3
      debug: 4.3.4
      fast-glob: 3.2.12
      local-pkg: 0.4.2
      magic-string: 0.26.3
      minimatch: 5.1.0
      resolve: 1.22.1
      unplugin: 0.9.5_vite@3.1.0
      vue: 3.2.39
    transitivePeerDependencies:
      - esbuild
      - rollup
      - supports-color
      - vite
      - webpack
    dev: true

  /unplugin/0.9.5_vite@3.1.0:
    resolution: {integrity: sha512-luraheyfxwtvkvHpsOvMNv7IjLdORTWKZp0gWYNHGLi2ImON3iIZOj464qEyyEwLA/EMt12fC415HW9zRpOfTg==}
    peerDependencies:
      esbuild: '>=0.13'
      rollup: ^2.50.0
      vite: ^2.3.0 || ^3.0.0-0
      webpack: 4 || 5
    peerDependenciesMeta:
      esbuild:
        optional: true
      rollup:
        optional: true
      vite:
        optional: true
      webpack:
        optional: true
    dependencies:
      acorn: 8.8.0
      chokidar: 3.5.3
      vite: 3.1.0
      webpack-sources: 3.2.3
      webpack-virtual-modules: 0.4.4
    dev: true

  /vdirs/0.1.8_vue@3.2.39:
    resolution: {integrity: sha512-H9V1zGRLQZg9b+GdMk8MXDN2Lva0zx72MPahDKc30v+DtwKjfyOSXWRIX4t2mhDubM1H09gPhWeth/BJWPHGUw==}
    peerDependencies:
      vue: ^3.0.11
    dependencies:
      evtd: 0.2.4
      vue: 3.2.39
    dev: true

  /vfonts/0.0.3:
    resolution: {integrity: sha512-nguyw8L6Un8eelg1vQ31vIU2ESxqid7EYmy8V+MDeMaHBqaRSkg3dTBToC1PR00D89UzS/SLkfYPnx0Wf23IQQ==}
    dev: true

  /vite/3.1.0:
    resolution: {integrity: sha512-YBg3dUicDpDWFCGttmvMbVyS9ydjntwEjwXRj2KBFwSB8SxmGcudo1yb8FW5+M/G86aS8x828ujnzUVdsLjs9g==}
    engines: {node: ^14.18.0 || >=16.0.0}
    hasBin: true
    peerDependencies:
      less: '*'
      sass: '*'
      stylus: '*'
      terser: ^5.4.0
    peerDependenciesMeta:
      less:
        optional: true
      sass:
        optional: true
      stylus:
        optional: true
      terser:
        optional: true
    dependencies:
      esbuild: 0.15.7
      postcss: 8.4.16
      resolve: 1.22.1
      rollup: 2.78.1
    optionalDependencies:
      fsevents: 2.3.2
    dev: true

  /vooks/0.2.12_vue@3.2.39:
    resolution: {integrity: sha512-iox0I3RZzxtKlcgYaStQYKEzWWGAduMmq+jS7OrNdQo1FgGfPMubGL3uGHOU9n97NIvfFDBGnpSvkWyb/NSn/Q==}
    peerDependencies:
      vue: ^3.0.0
    dependencies:
      evtd: 0.2.4
      vue: 3.2.39
    dev: true

  /vue-tsc/0.40.13_typescript@4.8.3:
    resolution: {integrity: sha512-xzuN3g5PnKfJcNrLv4+mAjteMd5wLm5fRhW0034OfNJZY4WhB07vhngea/XeGn7wNYt16r7syonzvW/54dcNiA==}
    hasBin: true
    peerDependencies:
      typescript: '*'
    dependencies:
      '@volar/vue-language-core': 0.40.13
      '@volar/vue-typescript': 0.40.13
      typescript: 4.8.3
    dev: true

  /vue/3.2.39:
    resolution: {integrity: sha512-tRkguhRTw9NmIPXhzk21YFBqXHT2t+6C6wPOgQ50fcFVWnPdetmRqbmySRHznrYjX2E47u0cGlKGcxKZJ38R/g==}
    dependencies:
      '@vue/compiler-dom': 3.2.39
      '@vue/compiler-sfc': 3.2.39
      '@vue/runtime-dom': 3.2.39
      '@vue/server-renderer': 3.2.39_vue@3.2.39
      '@vue/shared': 3.2.39

  /vueuc/0.4.48_vue@3.2.39:
    resolution: {integrity: sha512-dQTBLxCzfaPuzD3c4/dIxAULtnyY+xwdotCRFUDgf0DJiwuR3tI+txJ9K8uJKmaHwc1JDUVqhRAj9Jd/pvInWg==}
    peerDependencies:
      vue: ^3.0.11
    dependencies:
      '@css-render/vue3-ssr': 0.15.11_vue@3.2.39
      '@juggle/resize-observer': 3.4.0
      css-render: 0.15.11
      evtd: 0.2.4
      seemly: 0.3.6
      vdirs: 0.1.8_vue@3.2.39
      vooks: 0.2.12_vue@3.2.39
      vue: 3.2.39
    dev: true

  /webpack-sources/3.2.3:
    resolution: {integrity: sha512-/DyMEOrDgLKKIG0fmvtz+4dUX/3Ghozwgm6iPp8KRhvn+eQf9+Q7GWxVNMk3+uCPWfdXYC4ExGBckIXdFEfH1w==}
    engines: {node: '>=10.13.0'}
    dev: true

  /webpack-virtual-modules/0.4.4:
    resolution: {integrity: sha512-h9atBP/bsZohWpHnr+2sic8Iecb60GxftXsWNLLLSqewgIsGzByd2gcIID4nXcG+3tNe4GQG3dLcff3kXupdRA==}
    dev: true

  /yallist/4.0.0:
    resolution: {integrity: sha512-3wdGidZyq5PB084XLES5TpOSRA3wjXAlIWMhum2kRcv/41Sn2emQ0dycQW4uZXLejwKvg6EsvbdlVL+FYEct7A==}
    dev: true
