github.com/flowerime/pinyin v0.3.2 h1:gm7HyvCR8iiskTSbUo8PXt36VWNyCNche31FcDx0gwI=
github.com/flowerime/pinyin v0.3.2/go.mod h1:IVTBUfpMt1hO5VYuQtdqeUTF4YuuNBa6ZRh48ep6hBw=
github.com/gogs/chardet v0.0.0-20211120154057-b7413eaefb8f h1:3BSP1Tbs2djlpprl7wCLuiqMaUh5SJkkzI2gDs+FgLs=
github.com/gogs/chardet v0.0.0-20211120154057-b7413eaefb8f/go.mod h1:Pcatq5tYkCW2Q6yrR2VRHlbHpZ/R4/7qyL1TCF7vl14=
github.com/nopdan/ku v0.3.2 h1:zitkdv9keo9C9uNv2rCkdOUUFVatQlOiPSeEPiyDisg=
github.com/nopdan/ku v0.3.2/go.mod h1:fg8KnpxC9Dn2+Cqk/v15uwTv5NI5TwalFbj2tXtnWfM=
golang.org/x/net v0.9.0 h1:aWJ/m6xSmxWBx+V0XRHTlrYrPG56jKsLdTFmsSsCzOM=
golang.org/x/net v0.9.0/go.mod h1:d48xBJpPfHeWQsugry2m+kC02ZBRGRgulfHnEXEuWns=
golang.org/x/text v0.9.0 h1:2sjJmO8cDvYveuX97RDLsxlyUxLl+GHoLxBiRdHllBE=
golang.org/x/text v0.9.0/go.mod h1:e1OnstbJyHTd6l/uOt8jFFHp6TRDWZR/bV3emEE/zU8=
