github.com/flowerime/goutil v0.2.2 h1:teAE8BSB+PI0wCX+4n5W7ErTWTHThac98JjQ2LZN0h8=
github.com/flowerime/goutil v0.2.2/go.mod h1:UFcJNB+mJSFg5OhAgc3Ct0Wy8narM8cEmoWVnMECDhk=
github.com/gogs/chardet v0.0.0-20211120154057-b7413eaefb8f h1:3BSP1Tbs2djlpprl7wCLuiqMaUh5SJkkzI2gDs+FgLs=
github.com/gogs/chardet v0.0.0-20211120154057-b7413eaefb8f/go.mod h1:Pcatq5tYkCW2Q6yrR2VRHlbHpZ/R4/7qyL1TCF7vl14=
golang.org/x/net v0.9.0 h1:aWJ/m6xSmxWBx+V0XRHTlrYrPG56jKsLdTFmsSsCzOM=
golang.org/x/net v0.9.0/go.mod h1:d48xBJpPfHeWQsugry2m+kC02ZBRGRgulfHnEXEuWns=
golang.org/x/text v0.9.0 h1:2sjJmO8cDvYveuX97RDLsxlyUxLl+GHoLxBiRdHllBE=
golang.org/x/text v0.9.0/go.mod h1:e1OnstbJyHTd6l/uOt8jFFHp6TRDWZR/bV3emEE/zU8=
